
Microsoft Visual Studio Solution File, Format Version 12.00
# Visual Studio Version 16
VisualStudioVersion = 16.0.29326.143
MinimumVisualStudioVersion = 10.0.40219.1
Project("{FAE04EC0-301F-11D3-BF4B-00C04F79EFBC}") = "WEBframeworkPaymentGateway", "WEBframeworkPaymentGateway.csproj", "{05D2452B-B1E5-4441-B411-D792B81D7A38}"
	ProjectSection(ProjectDependencies) = postProject
		{038C7A0E-3772-4752-A9D7-ACAB4357A4D0} = {038C7A0E-3772-4752-A9D7-ACAB4357A4D0}
	EndProjectSection
EndProject
Project("{FAE04EC0-301F-11D3-BF4B-00C04F79EFBC}") = "ClassPaymentGateway", "..\ClassPaymentGateway\ClassPaymentGateway.csproj", "{038C7A0E-3772-4752-A9D7-ACAB4357A4D0}"
EndProject
Global
	GlobalSection(SolutionConfigurationPlatforms) = preSolution
		Debug|Any CPU = Debug|Any CPU
		Release|Any CPU = Release|Any CPU
	EndGlobalSection
	GlobalSection(ProjectConfigurationPlatforms) = postSolution
		{05D2452B-B1E5-4441-B411-D792B81D7A38}.Debug|Any CPU.ActiveCfg = Debug|Any CPU
		{05D2452B-B1E5-4441-B411-D792B81D7A38}.Debug|Any CPU.Build.0 = Debug|Any CPU
		{05D2452B-B1E5-4441-B411-D792B81D7A38}.Release|Any CPU.ActiveCfg = Release|Any CPU
		{05D2452B-B1E5-4441-B411-D792B81D7A38}.Release|Any CPU.Build.0 = Release|Any CPU
		{038C7A0E-3772-4752-A9D7-ACAB4357A4D0}.Debug|Any CPU.ActiveCfg = Debug|Any CPU
		{038C7A0E-3772-4752-A9D7-ACAB4357A4D0}.Debug|Any CPU.Build.0 = Debug|Any CPU
		{038C7A0E-3772-4752-A9D7-ACAB4357A4D0}.Release|Any CPU.ActiveCfg = Release|Any CPU
		{038C7A0E-3772-4752-A9D7-ACAB4357A4D0}.Release|Any CPU.Build.0 = Release|Any CPU
	EndGlobalSection
	GlobalSection(SolutionProperties) = preSolution
		HideSolutionNode = FALSE
	EndGlobalSection
	GlobalSection(ExtensibilityGlobals) = postSolution
		SolutionGuid = {45853A79-05A1-4D6C-95CF-7DEEAE88B790}
	EndGlobalSection
EndGlobal
